
Microsoft Visual Studio Solution File, Format Version 12.00
# Visual Studio Version 17
VisualStudioVersion = 17.2.32616.157
MinimumVisualStudioVersion = 10.0.40219.1
Project("{FAE04EC0-301F-11D3-BF4B-00C04F79EFBC}") = "MotoBlazorApp", "MotoBlazorApp\MotoBlazorApp.csproj", "{B228AC36-4553-449D-ACC6-BA83916418FB}"
EndProject
Global
	GlobalSection(SolutionConfigurationPlatforms) = preSolution
		Debug|Any CPU = Debug|Any CPU
		Release|Any CPU = Release|Any CPU
	EndGlobalSection
	GlobalSection(ProjectConfigurationPlatforms) = postSolution
		{B228AC36-4553-449D-ACC6-BA83916418FB}.Debug|Any CPU.ActiveCfg = Debug|Any CPU
		{B228AC36-4553-449D-ACC6-BA83916418FB}.Debug|Any CPU.Build.0 = Debug|Any CPU
		{B228AC36-4553-449D-ACC6-BA83916418FB}.Release|Any CPU.ActiveCfg = Release|Any CPU
		{B228AC36-4553-449D-ACC6-BA83916418FB}.Release|Any CPU.Build.0 = Release|Any CPU
	EndGlobalSection
	GlobalSection(SolutionProperties) = preSolution
		HideSolutionNode = FALSE
	EndGlobalSection
	GlobalSection(ExtensibilityGlobals) = postSolution
		SolutionGuid = {1EA651E0-B113-49C8-990D-E89E1EDBA91F}
	EndGlobalSection
EndGlobal
